// !$*UTF8*$!
{
	archiveVersion = 1;
	classes = {
	};
	objectVersion = 46;
	objects = {

/* Begin PBXBuildFile section */
		2A1D73221E9E90B800F6AF52 /* BullsEye.html in Resources */ = {isa = PBXBuildFile; fileRef = 2A1D73211E9E90B800F6AF52 /* BullsEye.html */; };
		2A1D73241E9E924000F6AF52 /* AboutVC.swift in Sources */ = {isa = PBXBuildFile; fileRef = 2A1D73231E9E924000F6AF52 /* AboutVC.swift */; };
		2ACCC7B11E98E5EA00C723BD /* AppDelegate.swift in Sources */ = {isa = PBXBuildFile; fileRef = 2ACCC7B01E98E5EA00C723BD /* AppDelegate.swift */; };
		2ACCC7B31E98E5EA00C723BD /* ViewController.swift in Sources */ = {isa = PBXBuildFile; fileRef = 2ACCC7B21E98E5EA00C723BD /* ViewController.swift */; };
		2ACCC7B61E98E5EA00C723BD /* Main.storyboard in Resources */ = {isa = PBXBuildFile; fileRef = 2ACCC7B41E98E5EA00C723BD /* Main.storyboard */; };
		2ACCC7B81E98E5EA00C723BD /* Assets.xcassets in Resources */ = {isa = PBXBuildFile; fileRef = 2ACCC7B71E98E5EA00C723BD /* Assets.xcassets */; };
		2ACCC7BB1E98E5EA00C723BD /* LaunchScreen.storyboard in Resources */ = {isa = PBXBuildFile; fileRef = 2ACCC7B91E98E5EA00C723BD /* LaunchScreen.storyboard */; };
/* End PBXBuildFile section */

/* Begin PBXFileReference section */
		2A1D73211E9E90B800F6AF52 /* BullsEye.html */ = {isa = PBXFileReference; fileEncoding = 4; lastKnownFileType = text.html; path = BullsEye.html; sourceTree = "<group>"; };
		2A1D73231E9E924000F6AF52 /* AboutVC.swift */ = {isa = PBXFileReference; fileEncoding = 4; lastKnownFileType = sourcecode.swift; path = AboutVC.swift; sourceTree = "<group>"; };
		2ACCC7AD1E98E5EA00C723BD /* bullsEye.app */ = {isa = PBXFileReference; explicitFileType = wrapper.application; includeInIndex = 0; path = bullsEye.app; sourceTree = BUILT_PRODUCTS_DIR; };
		2ACCC7B01E98E5EA00C723BD /* AppDelegate.swift */ = {isa = PBXFileReference; lastKnownFileType = sourcecode.swift; path = AppDelegate.swift; sourceTree = "<group>"; };
		2ACCC7B21E98E5EA00C723BD /* ViewController.swift */ = {isa = PBXFileReference; lastKnownFileType = sourcecode.swift; path = ViewController.swift; sourceTree = "<group>"; };
		2ACCC7B51E98E5EA00C723BD /* Base */ = {isa = PBXFileReference; lastKnownFileType = file.storyboard; name = Base; path = Base.lproj/Main.storyboard; sourceTree = "<group>"; };
		2ACCC7B71E98E5EA00C723BD /* Assets.xcassets */ = {isa = PBXFileReference; lastKnownFileType = folder.assetcatalog; path = Assets.xcassets; sourceTree = "<group>"; };
		2ACCC7BA1E98E5EA00C723BD /* Base */ = {isa = PBXFileReference; lastKnownFileType = file.storyboard; name = Base; path = Base.lproj/LaunchScreen.storyboard; sourceTree = "<group>"; };
		2ACCC7BC1E98E5EA00C723BD /* Info.plist */ = {isa = PBXFileReference; lastKnownFileType = text.plist.xml; path = Info.plist; sourceTree = "<group>"; };
/* End PBXFileReference section */

/* Begin PBXFrameworksBuildPhase section */
		2ACCC7AA1E98E5E900C723BD /* Frameworks */ = {
			isa = PBXFrameworksBuildPhase;
			buildActionMask = 2147483647;
			files = (
			);
			runOnlyForDeploymentPostprocessing = 0;
		};
/* End PBXFrameworksBuildPhase section */

/* Begin PBXGroup section */
		2ACCC7A41E98E5E900C723BD = {
			isa = PBXGroup;
			children = (
				2ACCC7AF1E98E5EA00C723BD /* bullsEye */,
				2ACCC7AE1E98E5EA00C723BD /* Products */,
			);
			sourceTree = "<group>";
		};
		2ACCC7AE1E98E5EA00C723BD /* Products */ = {
			isa = PBXGroup;
			children = (
				2ACCC7AD1E98E5EA00C723BD /* bullsEye.app */,
			);
			name = Products;
			sourceTree = "<group>";
		};
		2ACCC7AF1E98E5EA00C723BD /* bullsEye */ = {
			isa = PBXGroup;
			children = (
				2A1D73211E9E90B800F6AF52 /* BullsEye.html */,
				2ACCC7B01E98E5EA00C723BD /* AppDelegate.swift */,
				2ACCC7B21E98E5EA00C723BD /* ViewController.swift */,
				2A1D73231E9E924000F6AF52 /* AboutVC.swift */,
				2ACCC7B41E98E5EA00C723BD /* Main.storyboard */,
				2ACCC7B71E98E5EA00C723BD /* Assets.xcassets */,
				2ACCC7B91E98E5EA00C723BD /* LaunchScreen.storyboard */,
				2ACCC7BC1E98E5EA00C723BD /* Info.plist */,
			);
			path = bullsEye;
			sourceTree = "<group>";
		};
/* End PBXGroup section */

/* Begin PBXNativeTarget section */
		2ACCC7AC1E98E5E900C723BD /* bullsEye */ = {
			isa = PBXNativeTarget;
			buildConfigurationList = 2ACCC7BF1E98E5EA00C723BD /* Build configuration list for PBXNativeTarget "bullsEye" */;
			buildPhases = (
				2ACCC7A91E98E5E900C723BD /* Sources */,
				2ACCC7AA1E98E5E900C723BD /* Frameworks */,
				2ACCC7AB1E98E5E900C723BD /* Resources */,
			);
			buildRules = (
			);
			dependencies = (
			);
			name = bullsEye;
			productName = bullsEye;
			productReference = 2ACCC7AD1E98E5EA00C723BD /* bullsEye.app */;
			productType = "com.apple.product-type.application";
		};
/* End PBXNativeTarget section */

/* Begin PBXProject section */
		2ACCC7A51E98E5E900C723BD /* Project object */ = {
			isa = PBXProject;
			attributes = {
				LastSwiftUpdateCheck = 0810;
				LastUpgradeCheck = 0810;
				ORGANIZATIONNAME = "Magdi Zamel";
				TargetAttributes = {
					2ACCC7AC1E98E5E900C723BD = {
						CreatedOnToolsVersion = 8.1;
						DevelopmentTeam = YT8RXZDG8P;
						ProvisioningStyle = Automatic;
					};
				};
			};
			buildConfigurationList = 2ACCC7A81E98E5E900C723BD /* Build configuration list for PBXProject "bullsEye" */;
			compatibilityVersion = "Xcode 3.2";
			developmentRegion = English;
			hasScannedForEncodings = 0;
			knownRegions = (
				en,
				Base,
			);
			mainGroup = 2ACCC7A41E98E5E900C723BD;
			productRefGroup = 2ACCC7AE1E98E5EA00C723BD /* Products */;
			projectDirPath = "";
			projectRoot = "";
			targets = (
				2ACCC7AC1E98E5E900C723BD /* bullsEye */,
			);
		};
/* End PBXProject section */

/* Begin PBXResourcesBuildPhase section */
		2ACCC7AB1E98E5E900C723BD /* Resources */ = {
			isa = PBXResourcesBuildPhase;
			buildActionMask = 2147483647;
			files = (
				2ACCC7BB1E98E5EA00C723BD /* LaunchScreen.storyboard in Resources */,
				2A1D73221E9E90B800F6AF52 /* BullsEye.html in Resources */,
				2ACCC7B81E98E5EA00C723BD /* Assets.xcassets in Resources */,
				2ACCC7B61E98E5EA00C723BD /* Main.storyboard in Resources */,
			);
			runOnlyForDeploymentPostprocessing = 0;
		};
/* End PBXResourcesBuildPhase section */

/* Begin PBXSourcesBuildPhase section */
		2ACCC7A91E98E5E900C723BD /* Sources */ = {
			isa = PBXSourcesBuildPhase;
			buildActionMask = 2147483647;
			files = (
				2ACCC7B31E98E5EA00C723BD /* ViewController.swift in Sources */,
				2ACCC7B11E98E5EA00C723BD /* AppDelegate.swift in Sources */,
				2A1D73241E9E924000F6AF52 /* AboutVC.swift in Sources */,
			);
			runOnlyForDeploymentPostprocessing = 0;
		};
/* End PBXSourcesBuildPhase section */

/* Begin PBXVariantGroup section */
		2ACCC7B41E98E5EA00C723BD /* Main.storyboard */ = {
			isa = PBXVariantGroup;
			children = (
				2ACCC7B51E98E5EA00C723BD /* Base */,
			);
			name = Main.storyboard;
			sourceTree = "<group>";
		};
		2ACCC7B91E98E5EA00C723BD /* LaunchScreen.storyboard */ = {
			isa = PBXVariantGroup;
			children = (
				2ACCC7BA1E98E5EA00C723BD /* Base */,
			);
			name = LaunchScreen.storyboard;
			sourceTree = "<group>";
		};
/* End PBXVariantGroup section */

/* Begin XCBuildConfiguration section */
		2ACCC7BD1E98E5EA00C723BD /* Debug */ = {
			isa = XCBuildConfiguration;
			buildSettings = {
				ALWAYS_SEARCH_USER_PATHS = NO;
				CLANG_ANALYZER_NONNULL = YES;
				CLANG_CXX_LANGUAGE_STANDARD = "gnu++0x";
				CLANG_CXX_LIBRARY = "libc++";
				CLANG_ENABLE_MODULES = YES;
				CLANG_ENABLE_OBJC_ARC = YES;
				CLANG_WARN_BOOL_CONVERSION = YES;
				CLANG_WARN_CONSTANT_CONVERSION = YES;
				CLANG_WARN_DIRECT_OBJC_ISA_USAGE = YES_ERROR;
				CLANG_WARN_DOCUMENTATION_COMMENTS = YES;
				CLANG_WARN_EMPTY_BODY = YES;
				CLANG_WARN_ENUM_CONVERSION = YES;
				CLANG_WARN_INFINITE_RECURSION = YES;
				CLANG_WARN_INT_CONVERSION = YES;
				CLANG_WARN_OBJC_ROOT_CLASS = YES_ERROR;
				CLANG_WARN_SUSPICIOUS_MOVES = YES;
				CLANG_WARN_UNREACHABLE_CODE = YES;
				CLANG_WARN__DUPLICATE_METHOD_MATCH = YES;
				"CODE_SIGN_IDENTITY[sdk=iphoneos*]" = "iPhone Developer";
				COPY_PHASE_STRIP = NO;
				DEBUG_INFORMATION_FORMAT = dwarf;
				ENABLE_STRICT_OBJC_MSGSEND = YES;
				ENABLE_TESTABILITY = YES;
				GCC_C_LANGUAGE_STANDARD = gnu99;
				GCC_DYNAMIC_NO_PIC = NO;
				GCC_NO_COMMON_BLOCKS = YES;
				GCC_OPTIMIZATION_LEVEL = 0;
				GCC_PREPROCESSOR_DEFINITIONS = (
					"DEBUG=1",
					"$(inherited)",
				);
				GCC_WARN_64_TO_32_BIT_CONVERSION = YES;
				GCC_WARN_ABOUT_RETURN_TYPE = YES_ERROR;
				GCC_WARN_UNDECLARED_SELECTOR = YES;
				GCC_WARN_UNINITIALIZED_AUTOS = YES_AGGRESSIVE;
				GCC_WARN_UNUSED_FUNCTION = YES;
				GCC_WARN_UNUSED_VARIABLE = YES;
				IPHONEOS_DEPLOYMENT_TARGET = 10.1;
				MTL_ENABLE_DEBUG_INFO = YES;
				ONLY_ACTIVE_ARCH = YES;
				SDKROOT = iphoneos;
				SWIFT_ACTIVE_COMPILATION_CONDITIONS = DEBUG;
				SWIFT_OPTIMIZATION_LEVEL = "-Onone";
				TARGETED_DEVICE_FAMILY = "1,2";
			};
			name = Debug;
		};
		2ACCC7BE1E98E5EA00C723BD /* Release */ = {
			isa = XCBuildConfiguration;
			buildSettings = {
				ALWAYS_SEARCH_USER_PATHS = NO;
				CLANG_ANALYZER_NONNULL = YES;
				CLANG_CXX_LANGUAGE_STANDARD = "gnu++0x";
				CLANG_CXX_LIBRARY = "libc++";
				CLANG_ENABLE_MODULES = YES;
				CLANG_ENABLE_OBJC_ARC = YES;
				CLANG_WARN_BOOL_CONVERSION = YES;
				CLANG_WARN_CONSTANT_CONVERSION = YES;
				CLANG_WARN_DIRECT_OBJC_ISA_USAGE = YES_ERROR;
				CLANG_WARN_DOCUMENTATION_COMMENTS = YES;
				CLANG_WARN_EMPTY_BODY = YES;
				CLANG_WARN_ENUM_CONVERSION = YES;
				CLANG_WARN_INFINITE_RECURSION = YES;
				CLANG_WARN_INT_CONVERSION = YES;
				CLANG_WARN_OBJC_ROOT_CLASS = YES_ERROR;
				CLANG_WARN_SUSPICIOUS_MOVES = YES;
				CLANG_WARN_UNREACHABLE_CODE = YES;
				CLANG_WARN__DUPLICATE_METHOD_MATCH = YES;
				"CODE_SIGN_IDENTITY[sdk=iphoneos*]" = "iPhone Developer";
				COPY_PHASE_STRIP = NO;
				DEBUG_INFORMATION_FORMAT = "dwarf-with-dsym";
				ENABLE_NS_ASSERTIONS = NO;
				ENABLE_STRICT_OBJC_MSGSEND = YES;
				GCC_C_LANGUAGE_STANDARD = gnu99;
				GCC_NO_COMMON_BLOCKS = YES;
				GCC_WARN_64_TO_32_BIT_CONVERSION = YES;
				GCC_WARN_ABOUT_RETURN_TYPE = YES_ERROR;
				GCC_WARN_UNDECLARED_SELECTOR = YES;
				GCC_WARN_UNINITIALIZED_AUTOS = YES_AGGRESSIVE;
				GCC_WARN_UNUSED_FUNCTION = YES;
				GCC_WARN_UNUSED_VARIABLE = YES;
				IPHONEOS_DEPLOYMENT_TARGET = 10.1;
				MTL_ENABLE_DEBUG_INFO = NO;
				SDKROOT = iphoneos;
				SWIFT_OPTIMIZATION_LEVEL = "-Owholemodule";
				TARGETED_DEVICE_FAMILY = "1,2";
				VALIDATE_PRODUCT = YES;
			};
			name = Release;
		};
		2ACCC7C01E98E5EA00C723BD /* Debug */ = {
			isa = XCBuildConfiguration;
			buildSettings = {
				ASSETCATALOG_COMPILER_APPICON_NAME = AppIcon;
				DEVELOPMENT_TEAM = YT8RXZDG8P;
				INFOPLIST_FILE = bullsEye/Info.plist;
				LD_RUNPATH_SEARCH_PATHS = "$(inherited) @executable_path/Frameworks";
				PRODUCT_BUNDLE_IDENTIFIER = msz.bullsEye;
				PRODUCT_NAME = "$(TARGET_NAME)";
				SWIFT_VERSION = 3.0;
			};
			name = Debug;
		};
		2ACCC7C11E98E5EA00C723BD /* Release */ = {
			isa = XCBuildConfiguration;
			buildSettings = {
				ASSETCATALOG_COMPILER_APPICON_NAME = AppIcon;
				DEVELOPMENT_TEAM = YT8RXZDG8P;
				INFOPLIST_FILE = bullsEye/Info.plist;
				LD_RUNPATH_SEARCH_PATHS = "$(inherited) @executable_path/Frameworks";
				PRODUCT_BUNDLE_IDENTIFIER = msz.bullsEye;
				PRODUCT_NAME = "$(TARGET_NAME)";
				SWIFT_VERSION = 3.0;
			};
			name = Release;
		};
/* End XCBuildConfiguration section */

/* Begin XCConfigurationList section */
		2ACCC7A81E98E5E900C723BD /* Build configuration list for PBXProject "bullsEye" */ = {
			isa = XCConfigurationList;
			buildConfigurations = (
				2ACCC7BD1E98E5EA00C723BD /* Debug */,
				2ACCC7BE1E98E5EA00C723BD /* Release */,
			);
			defaultConfigurationIsVisible = 0;
			defaultConfigurationName = Release;
		};
		2ACCC7BF1E98E5EA00C723BD /* Build configuration list for PBXNativeTarget "bullsEye" */ = {
			isa = XCConfigurationList;
			buildConfigurations = (
				2ACCC7C01E98E5EA00C723BD /* Debug */,
				2ACCC7C11E98E5EA00C723BD /* Release */,
			);
			defaultConfigurationIsVisible = 0;
			defaultConfigurationName = Release;
		};
/* End XCConfigurationList section */
	};
	rootObject = 2ACCC7A51E98E5E900C723BD /* Project object */;
}
